
Microsoft Visual Studio Solution File, Format Version 12.00
# Visual Studio Version 17
VisualStudioVersion = 17.7.34031.279
MinimumVisualStudioVersion = 10.0.40219.1
Project("{FAE04EC0-301F-11D3-BF4B-00C04F79EFBC}") = "ImportPages", "ImportPages\ImportPages.csproj", "{1A81127D-EA45-4C72-BD25-2244B9E94E69}"
EndProject
Project("{FAE04EC0-301F-11D3-BF4B-00C04F79EFBC}") = "PopupTester", "PopupTester\PopupTester.csproj", "{3DBF71EB-0477-4A2C-A437-324FB313426D}"
EndProject
Global
	GlobalSection(SolutionConfigurationPlatforms) = preSolution
		2017 Debug|Any CPU = 2017 Debug|Any CPU
		2017 Release|Any CPU = 2017 Release|Any CPU
		2018 Debug|Any CPU = 2018 Debug|Any CPU
		2018 Release|Any CPU = 2018 Release|Any CPU
		2019 Debug|Any CPU = 2019 Debug|Any CPU
		2019 Release|Any CPU = 2019 Release|Any CPU
		2020 Debug|Any CPU = 2020 Debug|Any CPU
		2020 Release|Any CPU = 2020 Release|Any CPU
		2021 Debug|Any CPU = 2021 Debug|Any CPU
		2021 Release|Any CPU = 2021 Release|Any CPU
		2022 Debug|Any CPU = 2022 Debug|Any CPU
		2022 Release|Any CPU = 2022 Release|Any CPU
		Debug|Any CPU = Debug|Any CPU
		Release|Any CPU = Release|Any CPU
		X7 Debug|Any CPU = X7 Debug|Any CPU
		X7 Release|Any CPU = X7 Release|Any CPU
		X8 Debug|Any CPU = X8 Debug|Any CPU
		X8 Release|Any CPU = X8 Release|Any CPU
	EndGlobalSection
	GlobalSection(ProjectConfigurationPlatforms) = postSolution
		{1A81127D-EA45-4C72-BD25-2244B9E94E69}.2017 Debug|Any CPU.ActiveCfg = 2017 Debug|Any CPU
		{1A81127D-EA45-4C72-BD25-2244B9E94E69}.2017 Debug|Any CPU.Build.0 = 2017 Debug|Any CPU
		{1A81127D-EA45-4C72-BD25-2244B9E94E69}.2017 Release|Any CPU.ActiveCfg = 2017 Release|Any CPU
		{1A81127D-EA45-4C72-BD25-2244B9E94E69}.2017 Release|Any CPU.Build.0 = 2017 Release|Any CPU
		{1A81127D-EA45-4C72-BD25-2244B9E94E69}.2018 Debug|Any CPU.ActiveCfg = 2018 Debug|Any CPU
		{1A81127D-EA45-4C72-BD25-2244B9E94E69}.2018 Debug|Any CPU.Build.0 = 2018 Debug|Any CPU
		{1A81127D-EA45-4C72-BD25-2244B9E94E69}.2018 Release|Any CPU.ActiveCfg = 2018 Release|Any CPU
		{1A81127D-EA45-4C72-BD25-2244B9E94E69}.2018 Release|Any CPU.Build.0 = 2018 Release|Any CPU
		{1A81127D-EA45-4C72-BD25-2244B9E94E69}.2019 Debug|Any CPU.ActiveCfg = 2019 Debug|Any CPU
		{1A81127D-EA45-4C72-BD25-2244B9E94E69}.2019 Debug|Any CPU.Build.0 = 2019 Debug|Any CPU
		{1A81127D-EA45-4C72-BD25-2244B9E94E69}.2019 Release|Any CPU.ActiveCfg = 2019 Release|Any CPU
		{1A81127D-EA45-4C72-BD25-2244B9E94E69}.2019 Release|Any CPU.Build.0 = 2019 Release|Any CPU
		{1A81127D-EA45-4C72-BD25-2244B9E94E69}.2020 Debug|Any CPU.ActiveCfg = 2020 Debug|Any CPU
		{1A81127D-EA45-4C72-BD25-2244B9E94E69}.2020 Debug|Any CPU.Build.0 = 2020 Debug|Any CPU
		{1A81127D-EA45-4C72-BD25-2244B9E94E69}.2020 Release|Any CPU.ActiveCfg = 2020 Release|Any CPU
		{1A81127D-EA45-4C72-BD25-2244B9E94E69}.2020 Release|Any CPU.Build.0 = 2020 Release|Any CPU
		{1A81127D-EA45-4C72-BD25-2244B9E94E69}.2021 Debug|Any CPU.ActiveCfg = 2021 Debug|Any CPU
		{1A81127D-EA45-4C72-BD25-2244B9E94E69}.2021 Debug|Any CPU.Build.0 = 2021 Debug|Any CPU
		{1A81127D-EA45-4C72-BD25-2244B9E94E69}.2021 Release|Any CPU.ActiveCfg = 2021 Release|Any CPU
		{1A81127D-EA45-4C72-BD25-2244B9E94E69}.2021 Release|Any CPU.Build.0 = 2021 Release|Any CPU
		{1A81127D-EA45-4C72-BD25-2244B9E94E69}.2022 Debug|Any CPU.ActiveCfg = 2022 Debug|Any CPU
		{1A81127D-EA45-4C72-BD25-2244B9E94E69}.2022 Debug|Any CPU.Build.0 = 2022 Debug|Any CPU
		{1A81127D-EA45-4C72-BD25-2244B9E94E69}.2022 Release|Any CPU.ActiveCfg = 2022 Release|Any CPU
		{1A81127D-EA45-4C72-BD25-2244B9E94E69}.2022 Release|Any CPU.Build.0 = 2022 Release|Any CPU
		{1A81127D-EA45-4C72-BD25-2244B9E94E69}.Debug|Any CPU.ActiveCfg = Debug|Any CPU
		{1A81127D-EA45-4C72-BD25-2244B9E94E69}.Debug|Any CPU.Build.0 = Debug|Any CPU
		{1A81127D-EA45-4C72-BD25-2244B9E94E69}.Release|Any CPU.ActiveCfg = X7 Release|Any CPU
		{1A81127D-EA45-4C72-BD25-2244B9E94E69}.Release|Any CPU.Build.0 = X7 Release|Any CPU
		{1A81127D-EA45-4C72-BD25-2244B9E94E69}.X7 Debug|Any CPU.ActiveCfg = X7 Debug|Any CPU
		{1A81127D-EA45-4C72-BD25-2244B9E94E69}.X7 Debug|Any CPU.Build.0 = X7 Debug|Any CPU
		{1A81127D-EA45-4C72-BD25-2244B9E94E69}.X7 Release|Any CPU.ActiveCfg = X7 Release|Any CPU
		{1A81127D-EA45-4C72-BD25-2244B9E94E69}.X7 Release|Any CPU.Build.0 = X7 Release|Any CPU
		{1A81127D-EA45-4C72-BD25-2244B9E94E69}.X8 Debug|Any CPU.ActiveCfg = X8 Debug|Any CPU
		{1A81127D-EA45-4C72-BD25-2244B9E94E69}.X8 Debug|Any CPU.Build.0 = X8 Debug|Any CPU
		{1A81127D-EA45-4C72-BD25-2244B9E94E69}.X8 Release|Any CPU.ActiveCfg = X8 Release|Any CPU
		{1A81127D-EA45-4C72-BD25-2244B9E94E69}.X8 Release|Any CPU.Build.0 = X8 Release|Any CPU
		{3DBF71EB-0477-4A2C-A437-324FB313426D}.2017 Debug|Any CPU.ActiveCfg = Debug|Any CPU
		{3DBF71EB-0477-4A2C-A437-324FB313426D}.2017 Debug|Any CPU.Build.0 = Debug|Any CPU
		{3DBF71EB-0477-4A2C-A437-324FB313426D}.2017 Release|Any CPU.ActiveCfg = Release|Any CPU
		{3DBF71EB-0477-4A2C-A437-324FB313426D}.2017 Release|Any CPU.Build.0 = Release|Any CPU
		{3DBF71EB-0477-4A2C-A437-324FB313426D}.2018 Debug|Any CPU.ActiveCfg = Debug|Any CPU
		{3DBF71EB-0477-4A2C-A437-324FB313426D}.2018 Debug|Any CPU.Build.0 = Debug|Any CPU
		{3DBF71EB-0477-4A2C-A437-324FB313426D}.2018 Release|Any CPU.ActiveCfg = Release|Any CPU
		{3DBF71EB-0477-4A2C-A437-324FB313426D}.2018 Release|Any CPU.Build.0 = Release|Any CPU
		{3DBF71EB-0477-4A2C-A437-324FB313426D}.2019 Debug|Any CPU.ActiveCfg = Debug|Any CPU
		{3DBF71EB-0477-4A2C-A437-324FB313426D}.2019 Debug|Any CPU.Build.0 = Debug|Any CPU
		{3DBF71EB-0477-4A2C-A437-324FB313426D}.2019 Release|Any CPU.ActiveCfg = Release|Any CPU
		{3DBF71EB-0477-4A2C-A437-324FB313426D}.2019 Release|Any CPU.Build.0 = Release|Any CPU
		{3DBF71EB-0477-4A2C-A437-324FB313426D}.2020 Debug|Any CPU.ActiveCfg = Debug|Any CPU
		{3DBF71EB-0477-4A2C-A437-324FB313426D}.2020 Debug|Any CPU.Build.0 = Debug|Any CPU
		{3DBF71EB-0477-4A2C-A437-324FB313426D}.2020 Release|Any CPU.ActiveCfg = Release|Any CPU
		{3DBF71EB-0477-4A2C-A437-324FB313426D}.2020 Release|Any CPU.Build.0 = Release|Any CPU
		{3DBF71EB-0477-4A2C-A437-324FB313426D}.2021 Debug|Any CPU.ActiveCfg = Debug|Any CPU
		{3DBF71EB-0477-4A2C-A437-324FB313426D}.2021 Debug|Any CPU.Build.0 = Debug|Any CPU
		{3DBF71EB-0477-4A2C-A437-324FB313426D}.2021 Release|Any CPU.ActiveCfg = Release|Any CPU
		{3DBF71EB-0477-4A2C-A437-324FB313426D}.2021 Release|Any CPU.Build.0 = Release|Any CPU
		{3DBF71EB-0477-4A2C-A437-324FB313426D}.2022 Debug|Any CPU.ActiveCfg = Debug|Any CPU
		{3DBF71EB-0477-4A2C-A437-324FB313426D}.2022 Debug|Any CPU.Build.0 = Debug|Any CPU
		{3DBF71EB-0477-4A2C-A437-324FB313426D}.2022 Release|Any CPU.ActiveCfg = Release|Any CPU
		{3DBF71EB-0477-4A2C-A437-324FB313426D}.2022 Release|Any CPU.Build.0 = Release|Any CPU
		{3DBF71EB-0477-4A2C-A437-324FB313426D}.Debug|Any CPU.ActiveCfg = Debug|Any CPU
		{3DBF71EB-0477-4A2C-A437-324FB313426D}.Debug|Any CPU.Build.0 = Debug|Any CPU
		{3DBF71EB-0477-4A2C-A437-324FB313426D}.Release|Any CPU.ActiveCfg = Release|Any CPU
		{3DBF71EB-0477-4A2C-A437-324FB313426D}.Release|Any CPU.Build.0 = Release|Any CPU
		{3DBF71EB-0477-4A2C-A437-324FB313426D}.X7 Debug|Any CPU.ActiveCfg = Debug|Any CPU
		{3DBF71EB-0477-4A2C-A437-324FB313426D}.X7 Debug|Any CPU.Build.0 = Debug|Any CPU
		{3DBF71EB-0477-4A2C-A437-324FB313426D}.X7 Release|Any CPU.ActiveCfg = Release|Any CPU
		{3DBF71EB-0477-4A2C-A437-324FB313426D}.X7 Release|Any CPU.Build.0 = Release|Any CPU
		{3DBF71EB-0477-4A2C-A437-324FB313426D}.X8 Debug|Any CPU.ActiveCfg = Debug|Any CPU
		{3DBF71EB-0477-4A2C-A437-324FB313426D}.X8 Debug|Any CPU.Build.0 = Debug|Any CPU
		{3DBF71EB-0477-4A2C-A437-324FB313426D}.X8 Release|Any CPU.ActiveCfg = Release|Any CPU
		{3DBF71EB-0477-4A2C-A437-324FB313426D}.X8 Release|Any CPU.Build.0 = Release|Any CPU
	EndGlobalSection
	GlobalSection(SolutionProperties) = preSolution
		HideSolutionNode = FALSE
	EndGlobalSection
	GlobalSection(ExtensibilityGlobals) = postSolution
		SolutionGuid = {CE1F8430-1418-4E6B-9961-55BA2A0AA41F}
	EndGlobalSection
EndGlobal
